// !$*UTF8*$!
{
	archiveVersion = 1;
	classes = {
	};
	objectVersion = 51;
	objects = {

/* Begin PBXBuildFile section */
		2D38706C25130F0E00B35345 /* Feed.swift in Sources */ = {isa = PBXBuildFile; fileRef = 2D38706B25130F0E00B35345 /* Feed.swift */; };
		2D38706E25130F5300B35345 /* Photos.swift in Sources */ = {isa = PBXBuildFile; fileRef = 2D38706D25130F5300B35345 /* Photos.swift */; };
		2D38707025130F6700B35345 /* Photo.swift in Sources */ = {isa = PBXBuildFile; fileRef = 2D38706F25130F6700B35345 /* Photo.swift */; };
		2D387073251327FC00B35345 /* API.swift in Sources */ = {isa = PBXBuildFile; fileRef = 2D387072251327FC00B35345 /* API.swift */; };
		2D38707925132E4300B35345 /* APIManager.swift in Sources */ = {isa = PBXBuildFile; fileRef = 2D38707825132E4300B35345 /* APIManager.swift */; };
		2D4CC91325118744009F35B2 /* AppDelegate.swift in Sources */ = {isa = PBXBuildFile; fileRef = 2D4CC91225118744009F35B2 /* AppDelegate.swift */; };
		2D4CC91525118744009F35B2 /* FirstViewController.swift in Sources */ = {isa = PBXBuildFile; fileRef = 2D4CC91425118744009F35B2 /* FirstViewController.swift */; };
		2D4CC91725118744009F35B2 /* SecondViewController.swift in Sources */ = {isa = PBXBuildFile; fileRef = 2D4CC91625118744009F35B2 /* SecondViewController.swift */; };
		2D4CC91A25118744009F35B2 /* Main.storyboard in Resources */ = {isa = PBXBuildFile; fileRef = 2D4CC91825118744009F35B2 /* Main.storyboard */; };
		2D4CC91C25118746009F35B2 /* Assets.xcassets in Resources */ = {isa = PBXBuildFile; fileRef = 2D4CC91B25118746009F35B2 /* Assets.xcassets */; };
		2D4CC91F25118746009F35B2 /* LaunchScreen.storyboard in Resources */ = {isa = PBXBuildFile; fileRef = 2D4CC91D25118746009F35B2 /* LaunchScreen.storyboard */; };
		2D5FC8F52514573900CD09AA /* CollectionViewCell.swift in Sources */ = {isa = PBXBuildFile; fileRef = 2D5FC8F42514573900CD09AA /* CollectionViewCell.swift */; };
		2D5FC8F72514726E00CD09AA /* Header.swift in Sources */ = {isa = PBXBuildFile; fileRef = 2D5FC8F62514726E00CD09AA /* Header.swift */; };
		2D5FC8F9251481F200CD09AA /* Strings.swift in Sources */ = {isa = PBXBuildFile; fileRef = 2D5FC8F8251481F200CD09AA /* Strings.swift */; };
		2DA2E1B62511CD0600850A98 /* PhotoDetailsViewController.swift in Sources */ = {isa = PBXBuildFile; fileRef = 2DA2E1B52511CD0500850A98 /* PhotoDetailsViewController.swift */; };
		D916FE59FA4E61B47149AF36 /* Pods_Flicky.framework in Frameworks */ = {isa = PBXBuildFile; fileRef = 2266E6DEE720D983445E0559 /* Pods_Flicky.framework */; };
/* End PBXBuildFile section */

/* Begin PBXFileReference section */
		146B5147A452D11663C84E31 /* Pods-Flicky.debug.xcconfig */ = {isa = PBXFileReference; includeInIndex = 1; lastKnownFileType = text.xcconfig; name = "Pods-Flicky.debug.xcconfig"; path = "Target Support Files/Pods-Flicky/Pods-Flicky.debug.xcconfig"; sourceTree = "<group>"; };
		2266E6DEE720D983445E0559 /* Pods_Flicky.framework */ = {isa = PBXFileReference; explicitFileType = wrapper.framework; includeInIndex = 0; path = Pods_Flicky.framework; sourceTree = BUILT_PRODUCTS_DIR; };
		2D38706B25130F0E00B35345 /* Feed.swift */ = {isa = PBXFileReference; lastKnownFileType = sourcecode.swift; path = Feed.swift; sourceTree = "<group>"; };
		2D38706D25130F5300B35345 /* Photos.swift */ = {isa = PBXFileReference; lastKnownFileType = sourcecode.swift; path = Photos.swift; sourceTree = "<group>"; };
		2D38706F25130F6700B35345 /* Photo.swift */ = {isa = PBXFileReference; lastKnownFileType = sourcecode.swift; path = Photo.swift; sourceTree = "<group>"; };
		2D387072251327FC00B35345 /* API.swift */ = {isa = PBXFileReference; lastKnownFileType = sourcecode.swift; path = API.swift; sourceTree = "<group>"; };
		2D38707825132E4300B35345 /* APIManager.swift */ = {isa = PBXFileReference; lastKnownFileType = sourcecode.swift; path = APIManager.swift; sourceTree = "<group>"; };
		2D4CC90F25118744009F35B2 /* Flicky.app */ = {isa = PBXFileReference; explicitFileType = wrapper.application; includeInIndex = 0; path = Flicky.app; sourceTree = BUILT_PRODUCTS_DIR; };
		2D4CC91225118744009F35B2 /* AppDelegate.swift */ = {isa = PBXFileReference; lastKnownFileType = sourcecode.swift; path = AppDelegate.swift; sourceTree = "<group>"; };
		2D4CC91425118744009F35B2 /* FirstViewController.swift */ = {isa = PBXFileReference; lastKnownFileType = sourcecode.swift; path = FirstViewController.swift; sourceTree = "<group>"; };
		2D4CC91625118744009F35B2 /* SecondViewController.swift */ = {isa = PBXFileReference; lastKnownFileType = sourcecode.swift; path = SecondViewController.swift; sourceTree = "<group>"; };
		2D4CC91925118744009F35B2 /* Base */ = {isa = PBXFileReference; lastKnownFileType = file.storyboard; name = Base; path = Base.lproj/Main.storyboard; sourceTree = "<group>"; };
		2D4CC91B25118746009F35B2 /* Assets.xcassets */ = {isa = PBXFileReference; lastKnownFileType = folder.assetcatalog; path = Assets.xcassets; sourceTree = "<group>"; };
		2D4CC91E25118746009F35B2 /* Base */ = {isa = PBXFileReference; lastKnownFileType = file.storyboard; name = Base; path = Base.lproj/LaunchScreen.storyboard; sourceTree = "<group>"; };
		2D4CC92025118746009F35B2 /* Info.plist */ = {isa = PBXFileReference; lastKnownFileType = text.plist.xml; path = Info.plist; sourceTree = "<group>"; };
		2D5FC8F42514573900CD09AA /* CollectionViewCell.swift */ = {isa = PBXFileReference; lastKnownFileType = sourcecode.swift; path = CollectionViewCell.swift; sourceTree = "<group>"; };
		2D5FC8F62514726E00CD09AA /* Header.swift */ = {isa = PBXFileReference; lastKnownFileType = sourcecode.swift; path = Header.swift; sourceTree = "<group>"; };
		2D5FC8F8251481F200CD09AA /* Strings.swift */ = {isa = PBXFileReference; lastKnownFileType = sourcecode.swift; path = Strings.swift; sourceTree = "<group>"; };
		2DA2E1B52511CD0500850A98 /* PhotoDetailsViewController.swift */ = {isa = PBXFileReference; lastKnownFileType = sourcecode.swift; path = PhotoDetailsViewController.swift; sourceTree = "<group>"; };
		E6032D2511A2ECE737E22355 /* Pods-Flicky.release.xcconfig */ = {isa = PBXFileReference; includeInIndex = 1; lastKnownFileType = text.xcconfig; name = "Pods-Flicky.release.xcconfig"; path = "Target Support Files/Pods-Flicky/Pods-Flicky.release.xcconfig"; sourceTree = "<group>"; };
/* End PBXFileReference section */

/* Begin PBXFrameworksBuildPhase section */
		2D4CC90C25118744009F35B2 /* Frameworks */ = {
			isa = PBXFrameworksBuildPhase;
			buildActionMask = 2147483647;
			files = (
				D916FE59FA4E61B47149AF36 /* Pods_Flicky.framework in Frameworks */,
			);
			runOnlyForDeploymentPostprocessing = 0;
		};
/* End PBXFrameworksBuildPhase section */

/* Begin PBXGroup section */
		109AEA69BCF14718B723F048 /* Frameworks */ = {
			isa = PBXGroup;
			children = (
				2266E6DEE720D983445E0559 /* Pods_Flicky.framework */,
			);
			name = Frameworks;
			sourceTree = "<group>";
		};
		1541B256621C79E1247CAE9B /* Pods */ = {
			isa = PBXGroup;
			children = (
				146B5147A452D11663C84E31 /* Pods-Flicky.debug.xcconfig */,
				E6032D2511A2ECE737E22355 /* Pods-Flicky.release.xcconfig */,
			);
			path = Pods;
			sourceTree = "<group>";
		};
		2D38706A25130DD400B35345 /* Models */ = {
			isa = PBXGroup;
			children = (
				2D38706B25130F0E00B35345 /* Feed.swift */,
				2D38706D25130F5300B35345 /* Photos.swift */,
				2D38706F25130F6700B35345 /* Photo.swift */,
			);
			path = Models;
			sourceTree = "<group>";
		};
		2D387071251327ED00B35345 /* Constants */ = {
			isa = PBXGroup;
			children = (
				2D387072251327FC00B35345 /* API.swift */,
				2D5FC8F8251481F200CD09AA /* Strings.swift */,
			);
			path = Constants;
			sourceTree = "<group>";
		};
		2D38707425132D0200B35345 /* Library */ = {
			isa = PBXGroup;
			children = (
				2D38707825132E4300B35345 /* APIManager.swift */,
			);
			path = Library;
			sourceTree = "<group>";
		};
		2D38707525132D2A00B35345 /* UI */ = {
			isa = PBXGroup;
			children = (
				2D38707725132D3D00B35345 /* PhotoDetails */,
				2D38707625132D3600B35345 /* Home */,
			);
			path = UI;
			sourceTree = "<group>";
		};
		2D38707625132D3600B35345 /* Home */ = {
			isa = PBXGroup;
			children = (
				2D4CC91425118744009F35B2 /* FirstViewController.swift */,
				2D4CC91625118744009F35B2 /* SecondViewController.swift */,
				2D5FC8F42514573900CD09AA /* CollectionViewCell.swift */,
				2D5FC8F62514726E00CD09AA /* Header.swift */,
			);
			path = Home;
			sourceTree = "<group>";
		};
		2D38707725132D3D00B35345 /* PhotoDetails */ = {
			isa = PBXGroup;
			children = (
				2DA2E1B52511CD0500850A98 /* PhotoDetailsViewController.swift */,
			);
			path = PhotoDetails;
			sourceTree = "<group>";
		};
		2D4CC90625118744009F35B2 = {
			isa = PBXGroup;
			children = (
				2D4CC91125118744009F35B2 /* Flicky */,
				2D4CC91025118744009F35B2 /* Products */,
				1541B256621C79E1247CAE9B /* Pods */,
				109AEA69BCF14718B723F048 /* Frameworks */,
			);
			sourceTree = "<group>";
		};
		2D4CC91025118744009F35B2 /* Products */ = {
			isa = PBXGroup;
			children = (
				2D4CC90F25118744009F35B2 /* Flicky.app */,
			);
			name = Products;
			sourceTree = "<group>";
		};
		2D4CC91125118744009F35B2 /* Flicky */ = {
			isa = PBXGroup;
			children = (
				2D38707525132D2A00B35345 /* UI */,
				2D38707425132D0200B35345 /* Library */,
				2D387071251327ED00B35345 /* Constants */,
				2D38706A25130DD400B35345 /* Models */,
				2D4CC91225118744009F35B2 /* AppDelegate.swift */,
				2D4CC91825118744009F35B2 /* Main.storyboard */,
				2D4CC91B25118746009F35B2 /* Assets.xcassets */,
				2D4CC91D25118746009F35B2 /* LaunchScreen.storyboard */,
				2D4CC92025118746009F35B2 /* Info.plist */,
			);
			path = Flicky;
			sourceTree = "<group>";
		};
/* End PBXGroup section */

/* Begin PBXNativeTarget section */
		2D4CC90E25118744009F35B2 /* Flicky */ = {
			isa = PBXNativeTarget;
			buildConfigurationList = 2D4CC92325118746009F35B2 /* Build configuration list for PBXNativeTarget "Flicky" */;
			buildPhases = (
				CB68E20B1B376F68D4506942 /* [CP] Check Pods Manifest.lock */,
				2D4CC90B25118744009F35B2 /* Sources */,
				2D4CC90C25118744009F35B2 /* Frameworks */,
				2D4CC90D25118744009F35B2 /* Resources */,
				EAA4C03FD56D6929AE92CF6E /* [CP] Embed Pods Frameworks */,
			);
			buildRules = (
			);
			dependencies = (
			);
			name = Flicky;
			productName = Flicky;
			productReference = 2D4CC90F25118744009F35B2 /* Flicky.app */;
			productType = "com.apple.product-type.application";
		};
/* End PBXNativeTarget section */

/* Begin PBXProject section */
		2D4CC90725118744009F35B2 /* Project object */ = {
			isa = PBXProject;
			attributes = {
				LastSwiftUpdateCheck = 1150;
				LastUpgradeCheck = 1150;
				ORGANIZATIONNAME = "Kenny Orellana";
				TargetAttributes = {
					2D4CC90E25118744009F35B2 = {
						CreatedOnToolsVersion = 11.5;
					};
				};
			};
			buildConfigurationList = 2D4CC90A25118744009F35B2 /* Build configuration list for PBXProject "Flicky" */;
			compatibilityVersion = "Xcode 9.3";
			developmentRegion = en;
			hasScannedForEncodings = 0;
			knownRegions = (
				en,
				Base,
			);
			mainGroup = 2D4CC90625118744009F35B2;
			productRefGroup = 2D4CC91025118744009F35B2 /* Products */;
			projectDirPath = "";
			projectRoot = "";
			targets = (
				2D4CC90E25118744009F35B2 /* Flicky */,
			);
		};
/* End PBXProject section */

/* Begin PBXResourcesBuildPhase section */
		2D4CC90D25118744009F35B2 /* Resources */ = {
			isa = PBXResourcesBuildPhase;
			buildActionMask = 2147483647;
			files = (
				2D4CC91F25118746009F35B2 /* LaunchScreen.storyboard in Resources */,
				2D4CC91C25118746009F35B2 /* Assets.xcassets in Resources */,
				2D4CC91A25118744009F35B2 /* Main.storyboard in Resources */,
			);
			runOnlyForDeploymentPostprocessing = 0;
		};
/* End PBXResourcesBuildPhase section */

/* Begin PBXShellScriptBuildPhase section */
		CB68E20B1B376F68D4506942 /* [CP] Check Pods Manifest.lock */ = {
			isa = PBXShellScriptBuildPhase;
			buildActionMask = 2147483647;
			files = (
			);
			inputFileListPaths = (
			);
			inputPaths = (
				"${PODS_PODFILE_DIR_PATH}/Podfile.lock",
				"${PODS_ROOT}/Manifest.lock",
			);
			name = "[CP] Check Pods Manifest.lock";
			outputFileListPaths = (
			);
			outputPaths = (
				"$(DERIVED_FILE_DIR)/Pods-Flicky-checkManifestLockResult.txt",
			);
			runOnlyForDeploymentPostprocessing = 0;
			shellPath = /bin/sh;
			shellScript = "diff \"${PODS_PODFILE_DIR_PATH}/Podfile.lock\" \"${PODS_ROOT}/Manifest.lock\" > /dev/null\nif [ $? != 0 ] ; then\n    # print error to STDERR\n    echo \"error: The sandbox is not in sync with the Podfile.lock. Run 'pod install' or update your CocoaPods installation.\" >&2\n    exit 1\nfi\n# This output is used by Xcode 'outputs' to avoid re-running this script phase.\necho \"SUCCESS\" > \"${SCRIPT_OUTPUT_FILE_0}\"\n";
			showEnvVarsInLog = 0;
		};
		EAA4C03FD56D6929AE92CF6E /* [CP] Embed Pods Frameworks */ = {
			isa = PBXShellScriptBuildPhase;
			buildActionMask = 2147483647;
			files = (
			);
			inputFileListPaths = (
				"${PODS_ROOT}/Target Support Files/Pods-Flicky/Pods-Flicky-frameworks-${CONFIGURATION}-input-files.xcfilelist",
			);
			name = "[CP] Embed Pods Frameworks";
			outputFileListPaths = (
				"${PODS_ROOT}/Target Support Files/Pods-Flicky/Pods-Flicky-frameworks-${CONFIGURATION}-output-files.xcfilelist",
			);
			runOnlyForDeploymentPostprocessing = 0;
			shellPath = /bin/sh;
			shellScript = "\"${PODS_ROOT}/Target Support Files/Pods-Flicky/Pods-Flicky-frameworks.sh\"\n";
			showEnvVarsInLog = 0;
		};
/* End PBXShellScriptBuildPhase section */

/* Begin PBXSourcesBuildPhase section */
		2D4CC90B25118744009F35B2 /* Sources */ = {
			isa = PBXSourcesBuildPhase;
			buildActionMask = 2147483647;
			files = (
				2D5FC8F52514573900CD09AA /* CollectionViewCell.swift in Sources */,
				2D38707025130F6700B35345 /* Photo.swift in Sources */,
				2D38706E25130F5300B35345 /* Photos.swift in Sources */,
				2DA2E1B62511CD0600850A98 /* PhotoDetailsViewController.swift in Sources */,
				2D38707925132E4300B35345 /* APIManager.swift in Sources */,
				2D5FC8F72514726E00CD09AA /* Header.swift in Sources */,
				2D38706C25130F0E00B35345 /* Feed.swift in Sources */,
				2D4CC91725118744009F35B2 /* SecondViewController.swift in Sources */,
				2D4CC91325118744009F35B2 /* AppDelegate.swift in Sources */,
				2D387073251327FC00B35345 /* API.swift in Sources */,
				2D5FC8F9251481F200CD09AA /* Strings.swift in Sources */,
				2D4CC91525118744009F35B2 /* FirstViewController.swift in Sources */,
			);
			runOnlyForDeploymentPostprocessing = 0;
		};
/* End PBXSourcesBuildPhase section */

/* Begin PBXVariantGroup section */
		2D4CC91825118744009F35B2 /* Main.storyboard */ = {
			isa = PBXVariantGroup;
			children = (
				2D4CC91925118744009F35B2 /* Base */,
			);
			name = Main.storyboard;
			sourceTree = "<group>";
		};
		2D4CC91D25118746009F35B2 /* LaunchScreen.storyboard */ = {
			isa = PBXVariantGroup;
			children = (
				2D4CC91E25118746009F35B2 /* Base */,
			);
			name = LaunchScreen.storyboard;
			sourceTree = "<group>";
		};
/* End PBXVariantGroup section */

/* Begin XCBuildConfiguration section */
		2D4CC92125118746009F35B2 /* Debug */ = {
			isa = XCBuildConfiguration;
			buildSettings = {
				ALWAYS_SEARCH_USER_PATHS = NO;
				CLANG_ANALYZER_NONNULL = YES;
				CLANG_ANALYZER_NUMBER_OBJECT_CONVERSION = YES_AGGRESSIVE;
				CLANG_CXX_LANGUAGE_STANDARD = "gnu++14";
				CLANG_CXX_LIBRARY = "libc++";
				CLANG_ENABLE_MODULES = YES;
				CLANG_ENABLE_OBJC_ARC = YES;
				CLANG_ENABLE_OBJC_WEAK = YES;
				CLANG_WARN_BLOCK_CAPTURE_AUTORELEASING = YES;
				CLANG_WARN_BOOL_CONVERSION = YES;
				CLANG_WARN_COMMA = YES;
				CLANG_WARN_CONSTANT_CONVERSION = YES;
				CLANG_WARN_DEPRECATED_OBJC_IMPLEMENTATIONS = YES;
				CLANG_WARN_DIRECT_OBJC_ISA_USAGE = YES_ERROR;
				CLANG_WARN_DOCUMENTATION_COMMENTS = YES;
				CLANG_WARN_EMPTY_BODY = YES;
				CLANG_WARN_ENUM_CONVERSION = YES;
				CLANG_WARN_INFINITE_RECURSION = YES;
				CLANG_WARN_INT_CONVERSION = YES;
				CLANG_WARN_NON_LITERAL_NULL_CONVERSION = YES;
				CLANG_WARN_OBJC_IMPLICIT_RETAIN_SELF = YES;
				CLANG_WARN_OBJC_LITERAL_CONVERSION = YES;
				CLANG_WARN_OBJC_ROOT_CLASS = YES_ERROR;
				CLANG_WARN_RANGE_LOOP_ANALYSIS = YES;
				CLANG_WARN_STRICT_PROTOTYPES = YES;
				CLANG_WARN_SUSPICIOUS_MOVE = YES;
				CLANG_WARN_UNGUARDED_AVAILABILITY = YES_AGGRESSIVE;
				CLANG_WARN_UNREACHABLE_CODE = YES;
				CLANG_WARN__DUPLICATE_METHOD_MATCH = YES;
				COPY_PHASE_STRIP = NO;
				DEBUG_INFORMATION_FORMAT = dwarf;
				ENABLE_STRICT_OBJC_MSGSEND = YES;
				ENABLE_TESTABILITY = YES;
				GCC_C_LANGUAGE_STANDARD = gnu11;
				GCC_DYNAMIC_NO_PIC = NO;
				GCC_NO_COMMON_BLOCKS = YES;
				GCC_OPTIMIZATION_LEVEL = 0;
				GCC_PREPROCESSOR_DEFINITIONS = (
					"DEBUG=1",
					"$(inherited)",
				);
				GCC_WARN_64_TO_32_BIT_CONVERSION = YES;
				GCC_WARN_ABOUT_RETURN_TYPE = YES_ERROR;
				GCC_WARN_UNDECLARED_SELECTOR = YES;
				GCC_WARN_UNINITIALIZED_AUTOS = YES_AGGRESSIVE;
				GCC_WARN_UNUSED_FUNCTION = YES;
				GCC_WARN_UNUSED_VARIABLE = YES;
				MTL_ENABLE_DEBUG_INFO = INCLUDE_SOURCE;
				MTL_FAST_MATH = YES;
				ONLY_ACTIVE_ARCH = YES;
				SDKROOT = appletvos;
				SWIFT_ACTIVE_COMPILATION_CONDITIONS = DEBUG;
				SWIFT_OPTIMIZATION_LEVEL = "-Onone";
				TVOS_DEPLOYMENT_TARGET = 13.4;
			};
			name = Debug;
		};
		2D4CC92225118746009F35B2 /* Release */ = {
			isa = XCBuildConfiguration;
			buildSettings = {
				ALWAYS_SEARCH_USER_PATHS = NO;
				CLANG_ANALYZER_NONNULL = YES;
				CLANG_ANALYZER_NUMBER_OBJECT_CONVERSION = YES_AGGRESSIVE;
				CLANG_CXX_LANGUAGE_STANDARD = "gnu++14";
				CLANG_CXX_LIBRARY = "libc++";
				CLANG_ENABLE_MODULES = YES;
				CLANG_ENABLE_OBJC_ARC = YES;
				CLANG_ENABLE_OBJC_WEAK = YES;
				CLANG_WARN_BLOCK_CAPTURE_AUTORELEASING = YES;
				CLANG_WARN_BOOL_CONVERSION = YES;
				CLANG_WARN_COMMA = YES;
				CLANG_WARN_CONSTANT_CONVERSION = YES;
				CLANG_WARN_DEPRECATED_OBJC_IMPLEMENTATIONS = YES;
				CLANG_WARN_DIRECT_OBJC_ISA_USAGE = YES_ERROR;
				CLANG_WARN_DOCUMENTATION_COMMENTS = YES;
				CLANG_WARN_EMPTY_BODY = YES;
				CLANG_WARN_ENUM_CONVERSION = YES;
				CLANG_WARN_INFINITE_RECURSION = YES;
				CLANG_WARN_INT_CONVERSION = YES;
				CLANG_WARN_NON_LITERAL_NULL_CONVERSION = YES;
				CLANG_WARN_OBJC_IMPLICIT_RETAIN_SELF = YES;
				CLANG_WARN_OBJC_LITERAL_CONVERSION = YES;
				CLANG_WARN_OBJC_ROOT_CLASS = YES_ERROR;
				CLANG_WARN_RANGE_LOOP_ANALYSIS = YES;
				CLANG_WARN_STRICT_PROTOTYPES = YES;
				CLANG_WARN_SUSPICIOUS_MOVE = YES;
				CLANG_WARN_UNGUARDED_AVAILABILITY = YES_AGGRESSIVE;
				CLANG_WARN_UNREACHABLE_CODE = YES;
				CLANG_WARN__DUPLICATE_METHOD_MATCH = YES;
				COPY_PHASE_STRIP = NO;
				DEBUG_INFORMATION_FORMAT = "dwarf-with-dsym";
				ENABLE_NS_ASSERTIONS = NO;
				ENABLE_STRICT_OBJC_MSGSEND = YES;
				GCC_C_LANGUAGE_STANDARD = gnu11;
				GCC_NO_COMMON_BLOCKS = YES;
				GCC_WARN_64_TO_32_BIT_CONVERSION = YES;
				GCC_WARN_ABOUT_RETURN_TYPE = YES_ERROR;
				GCC_WARN_UNDECLARED_SELECTOR = YES;
				GCC_WARN_UNINITIALIZED_AUTOS = YES_AGGRESSIVE;
				GCC_WARN_UNUSED_FUNCTION = YES;
				GCC_WARN_UNUSED_VARIABLE = YES;
				MTL_ENABLE_DEBUG_INFO = NO;
				MTL_FAST_MATH = YES;
				SDKROOT = appletvos;
				SWIFT_COMPILATION_MODE = wholemodule;
				SWIFT_OPTIMIZATION_LEVEL = "-O";
				TVOS_DEPLOYMENT_TARGET = 13.4;
				VALIDATE_PRODUCT = YES;
			};
			name = Release;
		};
		2D4CC92425118746009F35B2 /* Debug */ = {
			isa = XCBuildConfiguration;
			baseConfigurationReference = 146B5147A452D11663C84E31 /* Pods-Flicky.debug.xcconfig */;
			buildSettings = {
				ASSETCATALOG_COMPILER_APPICON_NAME = "App Icon & Top Shelf Image";
				CODE_SIGN_STYLE = Automatic;
				DEVELOPMENT_TEAM = 34Y7LY8V9L;
				INFOPLIST_FILE = Flicky/Info.plist;
				LD_RUNPATH_SEARCH_PATHS = (
					"$(inherited)",
					"@executable_path/Frameworks",
				);
				PRODUCT_BUNDLE_IDENTIFIER = app.kaisa.Flicky;
				PRODUCT_NAME = "$(TARGET_NAME)";
				SWIFT_VERSION = 5.0;
				TARGETED_DEVICE_FAMILY = 3;
			};
			name = Debug;
		};
		2D4CC92525118746009F35B2 /* Release */ = {
			isa = XCBuildConfiguration;
			baseConfigurationReference = E6032D2511A2ECE737E22355 /* Pods-Flicky.release.xcconfig */;
			buildSettings = {
				ASSETCATALOG_COMPILER_APPICON_NAME = "App Icon & Top Shelf Image";
				CODE_SIGN_STYLE = Automatic;
				DEVELOPMENT_TEAM = 34Y7LY8V9L;
				INFOPLIST_FILE = Flicky/Info.plist;
				LD_RUNPATH_SEARCH_PATHS = (
					"$(inherited)",
					"@executable_path/Frameworks",
				);
				PRODUCT_BUNDLE_IDENTIFIER = app.kaisa.Flicky;
				PRODUCT_NAME = "$(TARGET_NAME)";
				SWIFT_VERSION = 5.0;
				TARGETED_DEVICE_FAMILY = 3;
			};
			name = Release;
		};
/* End XCBuildConfiguration section */

/* Begin XCConfigurationList section */
		2D4CC90A25118744009F35B2 /* Build configuration list for PBXProject "Flicky" */ = {
			isa = XCConfigurationList;
			buildConfigurations = (
				2D4CC92125118746009F35B2 /* Debug */,
				2D4CC92225118746009F35B2 /* Release */,
			);
			defaultConfigurationIsVisible = 0;
			defaultConfigurationName = Release;
		};
		2D4CC92325118746009F35B2 /* Build configuration list for PBXNativeTarget "Flicky" */ = {
			isa = XCConfigurationList;
			buildConfigurations = (
				2D4CC92425118746009F35B2 /* Debug */,
				2D4CC92525118746009F35B2 /* Release */,
			);
			defaultConfigurationIsVisible = 0;
			defaultConfigurationName = Release;
		};
/* End XCConfigurationList section */
	};
	rootObject = 2D4CC90725118744009F35B2 /* Project object */;
}
